
Microsoft Visual Studio Solution File, Format Version 12.00
# Visual Studio Version 17
VisualStudioVersion = 17.5.002.0
MinimumVisualStudioVersion = 10.0.40219.1
Project("{9A19103F-16F7-4668-BE54-9A1E7A4F7556}") = "Dictionary2", "Dictionary2.csproj", "{5E64CE7A-6513-46D1-94B8-A5B6F8B3BD2F}"
EndProject
Global
	GlobalSection(SolutionConfigurationPlatforms) = preSolution
		Debug|Any CPU = Debug|Any CPU
		Release|Any CPU = Release|Any CPU
	EndGlobalSection
	GlobalSection(ProjectConfigurationPlatforms) = postSolution
		{5E64CE7A-6513-46D1-94B8-A5B6F8B3BD2F}.Debug|Any CPU.ActiveCfg = Debug|Any CPU
		{5E64CE7A-6513-46D1-94B8-A5B6F8B3BD2F}.Debug|Any CPU.Build.0 = Debug|Any CPU
		{5E64CE7A-6513-46D1-94B8-A5B6F8B3BD2F}.Release|Any CPU.ActiveCfg = Release|Any CPU
		{5E64CE7A-6513-46D1-94B8-A5B6F8B3BD2F}.Release|Any CPU.Build.0 = Release|Any CPU
	EndGlobalSection
	GlobalSection(SolutionProperties) = preSolution
		HideSolutionNode = FALSE
	EndGlobalSection
	GlobalSection(ExtensibilityGlobals) = postSolution
		SolutionGuid = {CD8FFC27-D370-4F9B-9A45-7032597C0EB5}
	EndGlobalSection
EndGlobal
